
Microsoft Visual Studio Solution File, Format Version 12.00
# Visual Studio Version 17
VisualStudioVersion = 17.8.34219.65
MinimumVisualStudioVersion = 10.0.40219.1
Project("{FAE04EC0-301F-11D3-BF4B-00C04F79EFBC}") = "InjectPRXBuildPS4", "src\InjectPRXBuildPS4.csproj", "{DDAF7B12-942A-4543-B24B-C9159D5625F7}"
EndProject
Global
	GlobalSection(SolutionConfigurationPlatforms) = preSolution
		Debug|Any CPU = Debug|Any CPU
		Release|Any CPU = Release|Any CPU
	EndGlobalSection
	GlobalSection(ProjectConfigurationPlatforms) = postSolution
		{DDAF7B12-942A-4543-B24B-C9159D5625F7}.Debug|Any CPU.ActiveCfg = Debug|Any CPU
		{DDAF7B12-942A-4543-B24B-C9159D5625F7}.Debug|Any CPU.Build.0 = Debug|Any CPU
		{DDAF7B12-942A-4543-B24B-C9159D5625F7}.Release|Any CPU.ActiveCfg = Release|Any CPU
		{DDAF7B12-942A-4543-B24B-C9159D5625F7}.Release|Any CPU.Build.0 = Release|Any CPU
	EndGlobalSection
	GlobalSection(SolutionProperties) = preSolution
		HideSolutionNode = FALSE
	EndGlobalSection
	GlobalSection(ExtensibilityGlobals) = postSolution
		SolutionGuid = {AB44D829-18EC-45DD-AEA8-8D3350EECE3F}
	EndGlobalSection
EndGlobal
